lockfileVersion: '9.0'

settings:
  autoInstallPeers: true
  excludeLinksFromLockfile: false

importers:

  .:
    dependencies:
      '@types/bun':
        specifier: ^1.2.3
        version: 1.2.3
      bun:
        specifier: ^1.2.3
        version: 1.2.3
      lebab:
        specifier: ^3.2.7
        version: 3.2.7
      typescript:
        specifier: ^5.0.0
        version: 5.7.3

packages:

  '@isaacs/cliui@8.0.2':
    resolution: {integrity: sha512-O8jcjabXaleOG9DQ0+ARXWZBTfnP4WNAqzuiJK7ll44AmxGKv/J2M4TPjxjY3znBCfvBXFzucm1twdyFybFqEA==}
    engines: {node: '>=12'}

  '@oven/bun-darwin-aarch64@1.2.3':
    resolution: {integrity: sha512-wEUBqSD7KDUx6xcOlNs/lDcbzJYH9CEPVZzAaJ+F3Zp8hORQYJ07byidQ0YgNMc1QhJq4xLaClMDLga6u2abIQ==}
    cpu: [arm64]
    os: [darwin]

  '@oven/bun-darwin-x64-baseline@1.2.3':
    resolution: {integrity: sha512-oYqGnocQ7eY5wfthGivpXd0lzLYklXU4rEKXU4+oLaiFeFnY3lyszv85UHjywuB5bl7xybmSIE8tN8ie36WY1w==}
    cpu: [x64]
    os: [darwin]

  '@oven/bun-darwin-x64@1.2.3':
    resolution: {integrity: sha512-kBeKYLNAwQrcJ1HPcuDGo3PGEfDvzHbL5N5kiaui1+eluyCS2yJZvuy2ddg9b0vqQkgzNu7D1keiRLpdR2Wneg==}
    cpu: [x64]
    os: [darwin]

  '@oven/bun-linux-aarch64-musl@1.2.3':
    resolution: {integrity: sha512-nSB6FU29OW+8zUP5jRrQEAXl9m6Jd8vp5Swplh3prc0L0niYdtan39wouCxDVFNJafC0DaeKQme4UMQJ65s9qw==}
    cpu: [aarch64]
    os: [linux]

  '@oven/bun-linux-aarch64@1.2.3':
    resolution: {integrity: sha512-hbi7ykhLAtoBZl7mox5Qg6xVy9FcnPNibo/h6A1oElXBl4pRaVGNFDsuDmb80f9sFf4yZL0vwYyb47hL89MiGw==}
    cpu: [arm64]
    os: [linux]

  '@oven/bun-linux-x64-baseline@1.2.3':
    resolution: {integrity: sha512-PrkC18s81ImpHMdqgFXvyq9Oxed8mzlYb709DsuuoV9NL3nrzQzfqq8JStz/g3dYMc4obrljG/EKXGfMaJMJVA==}
    cpu: [x64]
    os: [linux]

  '@oven/bun-linux-x64-musl-baseline@1.2.3':
    resolution: {integrity: sha512-1VsFwYMOryIsnTGPG70N1HAXoa8Fa7s+XAtP2Y010tao0omgpM0S6Go0Uc7VJ8g+yHKyIw79leRMwUs35ysQZA==}
    cpu: [x64]
    os: [linux]

  '@oven/bun-linux-x64-musl@1.2.3':
    resolution: {integrity: sha512-481HyvBKKXrKH2VZsSBVsqsqxcnncqpsKz7qgTqnSEToCSyNqc3bGrI6pN6haI9nLawJpIh+oNXCg4JISUi6bg==}
    cpu: [x64]
    os: [linux]

  '@oven/bun-linux-x64@1.2.3':
    resolution: {integrity: sha512-oxubd+zJW8+1H02bwzne8lj2EtvgoRU6w245hWMtwjo15IET/YGc01ndFRd42FX02bwo926N+7Jm7NFzS8GOHQ==}
    cpu: [x64]
    os: [linux]

  '@oven/bun-windows-x64-baseline@1.2.3':
    resolution: {integrity: sha512-pvtDgWRclz/bxLEWUAppj854MklfTu01DfHAvKzV1UAHbBOlurC8+StpE7EhITAHC/jBK9U39eVYnZNvumVU9w==}
    cpu: [x64]
    os: [win32]

  '@oven/bun-windows-x64@1.2.3':
    resolution: {integrity: sha512-z3G7jft1hbiiX47rY666i3HFJZBqCLgddr7e0ccoE/kUk4U5IB08mqJZYW0vaaL8zy0wuEF2h5VkK0S/iryLWw==}
    cpu: [x64]
    os: [win32]

  '@pkgjs/parseargs@0.11.0':
    resolution: {integrity: sha512-+1VkjdD0QBLPodGrJUeqarH8VAIvQODIbwh9XpP5Syisf7YoQgsJKPNFoqqLQlu+VQ/tVSshMR6loPMn8U+dPg==}
    engines: {node: '>=14'}

  '@types/bun@1.2.3':
    resolution: {integrity: sha512-054h79ipETRfjtsCW9qJK8Ipof67Pw9bodFWmkfkaUaRiIQ1dIV2VTlheshlBx3mpKr0KeK8VqnMMCtgN9rQtw==}

  '@types/node@22.13.5':
    resolution: {integrity: sha512-+lTU0PxZXn0Dr1NBtC7Y8cR21AJr87dLLU953CWA6pMxxv/UDc7jYAY90upcrie1nRcD6XNG5HOYEDtgW5TxAg==}

  '@types/ws@8.5.14':
    resolution: {integrity: sha512-bd/YFLW+URhBzMXurx7lWByOu+xzU9+kb3RboOteXYDfW+tr+JZa99OyNmPINEGB/ahzKrEuc8rcv4gnpJmxTw==}

  acorn-jsx@5.3.2:
    resolution: {integrity: sha512-rq9s+JNhf0IChjtDXxllJ7g41oZk5SlXtp0LHwyA5cejwn7vKmKp4pPri6YEePv2PU65sAsegbXtIinmDFDXgQ==}
    peerDependencies:
      acorn: ^6.0.0 || ^7.0.0 || ^8.0.0

  acorn@8.14.1:
    resolution: {integrity: sha512-OvQ/2pUDKmgfCg++xsTX1wGxfTaszcHVcTctW4UJB4hibJx2HXxxO5UmVgyjMa+ZDsiaf5wWLXYpRWMmBI0QHg==}
    engines: {node: '>=0.4.0'}
    hasBin: true

  ansi-regex@5.0.1:
    resolution: {integrity: sha512-quJQXlTSUGL2LH9SUXo8VwsY4soanhgo6LNSm84E1LBcE8s3O0wpdiRzyR9z/ZZJMlMWv37qOOb9pdJlMUEKFQ==}
    engines: {node: '>=8'}

  ansi-regex@6.1.0:
    resolution: {integrity: sha512-7HSX4QQb4CspciLpVFwyRe79O3xsIZDDLER21kERQ71oaPodF8jL725AgJMFAYbooIqolJoRLuM81SpeUkpkvA==}
    engines: {node: '>=12'}

  ansi-styles@4.3.0:
    resolution: {integrity: sha512-zbB9rCJAT1rbjiVDb2hqKFHNYLxgtk8NURxZ3IZwD3F6NtxbXZQCnnSi1Lkx+IDohdPlFp222wVALIheZJQSEg==}
    engines: {node: '>=8'}

  ansi-styles@6.2.1:
    resolution: {integrity: sha512-bN798gFfQX+viw3R7yrGWRqnrN2oRkEkUjjl4JNn4E8GxxbjtG3FbrEIIY3l8/hrwUwIeCZvi4QuOTP4MErVug==}
    engines: {node: '>=12'}

  ast-types@0.16.1:
    resolution: {integrity: sha512-6t10qk83GOG8p0vKmaCr8eiilZwO171AvbROMtvvNiwrTly62t+7XkA8RdIIVbpMhCASAsxgAzdRSwh6nw/5Dg==}
    engines: {node: '>=4'}

  balanced-match@1.0.2:
    resolution: {integrity: sha512-3oSeUO0TMV67hN1AmbXsK4yaqU7tjiHlbxRDZOpH0KW9+CeX4bRAaX0Anxt0tx2MrpRpWwQaPwIlISEJhYU5Pw==}

  brace-expansion@2.0.1:
    resolution: {integrity: sha512-XnAIvQ8eM+kC6aULx6wuQiwVsnzsi9d3WxzV3FpWTGA19F621kwdbsAcFKXgKUHZWsy+mY6iL1sHTxWEFCytDA==}

  bun-types@1.2.3:
    resolution: {integrity: sha512-P7AeyTseLKAvgaZqQrvp3RqFM3yN9PlcLuSTe7SoJOfZkER73mLdT2vEQi8U64S1YvM/ldcNiQjn0Sn7H9lGgg==}

  bun@1.2.3:
    resolution: {integrity: sha512-i8F+I3wxmt9omnLh3lOg0APQtqxZaMU0x6xuC+9YH4Eg/7fu8SM4YbdwyvV8Z6sy3OMtGFB0SYOjU2STuId4FQ==}
    cpu: [arm64, x64, aarch64]
    os: [darwin, linux, win32]
    hasBin: true

  color-convert@2.0.1:
    resolution: {integrity: sha512-RRECPsj7iu/xb5oKYcsFHSppFNnsj/52OVTRKb4zP5onXwVF3zVmmToNcOfGC+CRDpfK/U584fMg38ZHCaElKQ==}
    engines: {node: '>=7.0.0'}

  color-name@1.1.4:
    resolution: {integrity: sha512-dOy+3AuW3a2wNbZHIuMZpTcgjGuLU/uBL/ubcZF9OXbDo8ff4O8yVp5Bf0efS8uEoYo5q4Fx7dY9OgQGXgAsQA==}

  commander@11.1.0:
    resolution: {integrity: sha512-yPVavfyCcRhmorC7rWlkHn15b4wDVgVmBA7kV4QVBsF7kv/9TKJAbAXVTxvTnwP8HHKjRCJDClKbciiYS7p0DQ==}
    engines: {node: '>=16'}

  cross-spawn@7.0.6:
    resolution: {integrity: sha512-uV2QOWP2nWzsy2aMp8aRibhi9dlzF5Hgh5SHaB9OiTGEyDTiJJyx0uy51QXdyWbtAHNua4XJzUKca3OzKUd3vA==}
    engines: {node: '>= 8'}

  eastasianwidth@0.2.0:
    resolution: {integrity: sha512-I88TYZWc9XiYHRQ4/3c5rjjfgkjhLyW2luGIheGERbNQ6OY7yTybanSpDXZa8y7VUP9YmDcYa+eyq4ca7iLqWA==}

  emoji-regex@8.0.0:
    resolution: {integrity: sha512-MSjYzcWNOA0ewAHpz0MxpYFvwg6yjy1NG3xteoqz644VCo/RPgnr1/GGt+ic3iJTzQ8Eu3TdM14SawnVUmGE6A==}

  emoji-regex@9.2.2:
    resolution: {integrity: sha512-L18DaJsXSUk2+42pv8mLs5jJT2hqFkFE4j21wOmgbUqsZ2hL72NsUU785g9RXgo3s0ZNgVl42TiHp3ZtOv/Vyg==}

  escope@4.0.0:
    resolution: {integrity: sha512-E36qlD/r6RJHVpPKArgMoMlNJzoRJFH8z/cAZlI9lbc45zB3+S7i9k6e/MNb+7bZQzNEa6r8WKN3BovpeIBwgA==}
    engines: {node: '>=4.0'}

  eslint-visitor-keys@3.4.3:
    resolution: {integrity: sha512-wpc+LXeiyiisxPlEkUzU6svyS1frIO3Mgxj1fdy7Pm8Ygzguax2N3Fa/D/ag1WqbOprdI+uY6wMUl8/a2G+iag==}
    engines: {node: ^12.22.0 || ^14.17.0 || >=16.0.0}

  espree@9.6.1:
    resolution: {integrity: sha512-oruZaFkjorTpF32kDSI5/75ViwGeZginGGy2NoOSg3Q9bnwlnmDm4HLnkl0RE3n+njDXR037aY1+x58Z/zFdwQ==}
    engines: {node: ^12.22.0 || ^14.17.0 || >=16.0.0}

  esprima@4.0.1:
    resolution: {integrity: sha512-eGuFFw7Upda+g4p+QHvnW0RyTX/SVeJBDM/gCtMARO0cLuT2HcEKnTPvhjV6aGeqrCB/sbNop0Kszm0jsaWU4A==}
    engines: {node: '>=4'}
    hasBin: true

  esrecurse@4.3.0:
    resolution: {integrity: sha512-KmfKL3b6G+RXvP8N1vr3Tq1kL/oCFgn2NYXEtqP8/L3pKapUA4G8cFVaoF3SU323CD4XypR/ffioHmkti6/Tag==}
    engines: {node: '>=4.0'}

  estraverse@4.3.0:
    resolution: {integrity: sha512-39nnKffWz8xN1BU/2c79n9nB9HDzo0niYUqx6xyqUnyoAnQyyWpOTdZEeiCch8BBu515t4wp9ZmgVfVhn9EBpw==}
    engines: {node: '>=4.0'}

  estraverse@5.3.0:
    resolution: {integrity: sha512-MMdARuVEQziNTeJD8DgMqmhwR11BRQ/cBP+pLtYdSTnf3MIO8fFeiINEbX36ZdNlfU/7A9f3gUw49B3oQsvwBA==}
    engines: {node: '>=4.0'}

  f-matches@1.1.0:
    resolution: {integrity: sha512-8NALQS5oB1+9hkEwiRjsRroTAQ7zKmXjxe0ZcMHDRrFIR54PhSJp7Rm+Q5+tgJ7eO5ejCgbUPNXeiflX18Rt0Q==}
    engines: {node: '>=4'}

  foreground-child@3.3.1:
    resolution: {integrity: sha512-gIXjKqtFuWEgzFRJA9WCQeSJLZDjgJUOMCMzxtvFq/37KojM1BFGufqsCy0r4qSQmYLsZYMeyRqzIWOMup03sw==}
    engines: {node: '>=14'}

  glob@10.4.5:
    resolution: {integrity: sha512-7Bv8RF0k6xjo7d4A/PxYLbUCfb6c+Vpd2/mB2yRDlew7Jb5hEXiCD9ibfO7wpk8i4sevK6DFny9h7EYbM3/sHg==}
    hasBin: true

  is-fullwidth-code-point@3.0.0:
    resolution: {integrity: sha512-zymm5+u+sCsSWyD9qNaejV3DFvhCKclKdizYaJUuHA83RLjb7nSuGnddCHGv0hk+KY7BMAlsWeK4Ueg6EV6XQg==}
    engines: {node: '>=8'}

  isexe@2.0.0:
    resolution: {integrity: sha512-RHxMLp9lnKHGHRng9QFhRCMbYAcVpn69smSGcq3f36xjgVVWThj4qqLbTLlq7Ssj8B+fIQ1EuCEGI2lKsyQeIw==}

  jackspeak@3.4.3:
    resolution: {integrity: sha512-OGlZQpz2yfahA/Rd1Y8Cd9SIEsqvXkLVoSw/cgwhnhFMDbsQFeZYoJJ7bIZBS9BcamUW96asq/npPWugM+RQBw==}

  lebab@3.2.7:
    resolution: {integrity: sha512-cADtFmEs1khkcsnyQf2ILH2RIy5WbVhZ7od36KXJJXNBdrR1mDsRiLDiZz+QsmcvI9Ek80NtACPSieyc585Tfg==}
    engines: {node: '>=6'}
    hasBin: true

  lodash@4.17.21:
    resolution: {integrity: sha512-v2kDEe57lecTulaDIuNTPy3Ry4gLGJ6Z1O3vE1krgXZNrsQ+LFTGHVxVjcXPs17LhbZVGedAJv8XZ1tvj5FvSg==}

  lru-cache@10.4.3:
    resolution: {integrity: sha512-JNAzZcXrCt42VGLuYz0zfAzDfAvJWW6AfYlDBQyDV5DClI2m5sAmK+OIO7s59XfsRsWHp02jAJrRadPRGTt6SQ==}

  minimatch@9.0.5:
    resolution: {integrity: sha512-G6T0ZX48xgozx7587koeX9Ys2NYy6Gmv//P89sEte9V9whIapMNF4idKxnW2QtCcLiTWlb/wfCabAtAFWhhBow==}
    engines: {node: '>=16 || 14 >=14.17'}

  minipass@7.1.2:
    resolution: {integrity: sha512-qOOzS1cBTWYF4BH8fVePDBOO9iptMnGUEZwNc/cMWnTV2nVLZ7VoNWEPHkYczZA0pdoA7dl6e7FL659nX9S2aw==}
    engines: {node: '>=16 || 14 >=14.17'}

  package-json-from-dist@1.0.1:
    resolution: {integrity: sha512-UEZIS3/by4OC8vL3P2dTXRETpebLI2NiI5vIrjaD/5UtrkFX/tNbwjTSRAGC/+7CAo2pIcBaRgWmcBBHcsaCIw==}

  path-key@3.1.1:
    resolution: {integrity: sha512-ojmeN0qd+y0jszEtoY48r0Peq5dwMEkIlCOu6Q5f41lfkswXuKtYrhgoTpLnyIcHm24Uhqx+5Tqm2InSwLhE6Q==}
    engines: {node: '>=8'}

  path-scurry@1.11.1:
    resolution: {integrity: sha512-Xa4Nw17FS9ApQFJ9umLiJS4orGjm7ZzwUrwamcGQuHSzDyth9boKDaycYdDcZDuqYATXw4HFXgaqWTctW/v1HA==}
    engines: {node: '>=16 || 14 >=14.18'}

  recast@0.23.11:
    resolution: {integrity: sha512-YTUo+Flmw4ZXiWfQKGcwwc11KnoRAYgzAE2E7mXKCjSviTKShtxBsN6YUUBB2gtaBzKzeKunxhUwNHQuRryhWA==}
    engines: {node: '>= 4'}

  shebang-command@2.0.0:
    resolution: {integrity: sha512-kHxr2zZpYtdmrN1qDjrrX/Z1rR1kG8Dx+gkpK1G4eXmvXswmcE1hTWBWYUzlraYw1/yZp6YuDY77YtvbN0dmDA==}
    engines: {node: '>=8'}

  shebang-regex@3.0.0:
    resolution: {integrity: sha512-7++dFhtcx3353uBaq8DDR4NuxBetBzC7ZQOhmTQInHEd6bSrXdiEyzCvG07Z44UYdLShWUyXt5M/yhz8ekcb1A==}
    engines: {node: '>=8'}

  signal-exit@4.1.0:
    resolution: {integrity: sha512-bzyZ1e88w9O1iNJbKnOlvYTrWPDl46O1bG0D3XInv+9tkPrxrN8jUUTiFlDkkmKWgn1M6CfIA13SuGqOa9Korw==}
    engines: {node: '>=14'}

  source-map@0.6.1:
    resolution: {integrity: sha512-UjgapumWlbMhkBgzT7Ykc5YXUT46F0iKu8SGXq0bcwP5dz/h0Plj6enJqjz1Zbq2l5WaqYnrVbwWOWMyF3F47g==}
    engines: {node: '>=0.10.0'}

  string-width@4.2.3:
    resolution: {integrity: sha512-wKyQRQpjJ0sIp62ErSZdGsjMJWsap5oRNihHhu6G7JVO/9jIB6UyevL+tXuOqrng8j/cxKTWyWUwvSTriiZz/g==}
    engines: {node: '>=8'}

  string-width@5.1.2:
    resolution: {integrity: sha512-HnLOCR3vjcY8beoNLtcjZ5/nxn2afmME6lhrDrebokqMap+XbeW8n9TXpPDOqdGK5qcI3oT0GKTW6wC7EMiVqA==}
    engines: {node: '>=12'}

  strip-ansi@6.0.1:
    resolution: {integrity: sha512-Y38VPSHcqkFrCpFnQ9vuSXmquuv5oXOKpGeT6aGrr3o3Gc9AlVa6JBfUSOCnbxGGZF+/0ooI7KrPuUSztUdU5A==}
    engines: {node: '>=8'}

  strip-ansi@7.1.0:
    resolution: {integrity: sha512-iq6eVVI64nQQTRYq2KtEg2d2uU7LElhTJwsH4YzIHZshxlgZms/wIc4VoDQTlG/IvVIrBKG06CrZnp0qv7hkcQ==}
    engines: {node: '>=12'}

  tiny-invariant@1.3.3:
    resolution: {integrity: sha512-+FbBPE1o9QAYvviau/qC5SE3caw21q3xkvWKBtja5vgqOWIHHJ3ioaq1VPfn/Szqctz2bU/oYeKd9/z5BL+PVg==}

  tslib@2.8.1:
    resolution: {integrity: sha512-oJFu94HQb+KVduSUQL7wnpmqnfmLsOA/nAh6b6EH0wCEoK0/mPeXU6c3wKDV83MkOuHPRHtSXKKU99IBazS/2w==}

  typescript@5.7.3:
    resolution: {integrity: sha512-84MVSjMEHP+FQRPy3pX9sTVV/INIex71s9TL2Gm5FG/WG1SqXeKyZ0k7/blY/4FdOzI12CBy1vGc4og/eus0fw==}
    engines: {node: '>=14.17'}
    hasBin: true

  undici-types@6.20.0:
    resolution: {integrity: sha512-Ny6QZ2Nju20vw1SRHe3d9jVu6gJ+4e3+MMpqu7pqE5HT6WsTSlce++GQmK5UXS8mzV8DSYHrQH+Xrf2jVcuKNg==}

  which@2.0.2:
    resolution: {integrity: sha512-BLI3Tl1TW3Pvl70l3yq3Y64i+awpwXqsGBYWkkqMtnbXgrMD+yj7rhW0kuEDxzJaYXGjEW5ogapKNMEKNMjibA==}
    engines: {node: '>= 8'}
    hasBin: true

  wrap-ansi@7.0.0:
    resolution: {integrity: sha512-YVGIj2kamLSTxw6NsZjoBxfSwsn0ycdesmc4p+Q21c5zPuZ1pl+NfxVdxPtdHvmNVOQ6XSYG4AUtyt/Fi7D16Q==}
    engines: {node: '>=10'}

  wrap-ansi@8.1.0:
    resolution: {integrity: sha512-si7QWI6zUMq56bESFvagtmzMdGOtoxfR+Sez11Mobfc7tm+VkUckk9bW2UeffTGVUbOksxmSw0AA2gs8g71NCQ==}
    engines: {node: '>=12'}

snapshots:

  '@isaacs/cliui@8.0.2':
    dependencies:
      string-width: 5.1.2
      string-width-cjs: string-width@4.2.3
      strip-ansi: 7.1.0
      strip-ansi-cjs: strip-ansi@6.0.1
      wrap-ansi: 8.1.0
      wrap-ansi-cjs: wrap-ansi@7.0.0

  '@oven/bun-darwin-aarch64@1.2.3':
    optional: true

  '@oven/bun-darwin-x64-baseline@1.2.3':
    optional: true

  '@oven/bun-darwin-x64@1.2.3':
    optional: true

  '@oven/bun-linux-aarch64-musl@1.2.3':
    optional: true

  '@oven/bun-linux-aarch64@1.2.3':
    optional: true

  '@oven/bun-linux-x64-baseline@1.2.3':
    optional: true

  '@oven/bun-linux-x64-musl-baseline@1.2.3':
    optional: true

  '@oven/bun-linux-x64-musl@1.2.3':
    optional: true

  '@oven/bun-linux-x64@1.2.3':
    optional: true

  '@oven/bun-windows-x64-baseline@1.2.3':
    optional: true

  '@oven/bun-windows-x64@1.2.3':
    optional: true

  '@pkgjs/parseargs@0.11.0':
    optional: true

  '@types/bun@1.2.3':
    dependencies:
      bun-types: 1.2.3

  '@types/node@22.13.5':
    dependencies:
      undici-types: 6.20.0

  '@types/ws@8.5.14':
    dependencies:
      '@types/node': 22.13.5

  acorn-jsx@5.3.2(acorn@8.14.1):
    dependencies:
      acorn: 8.14.1

  acorn@8.14.1: {}

  ansi-regex@5.0.1: {}

  ansi-regex@6.1.0: {}

  ansi-styles@4.3.0:
    dependencies:
      color-convert: 2.0.1

  ansi-styles@6.2.1: {}

  ast-types@0.16.1:
    dependencies:
      tslib: 2.8.1

  balanced-match@1.0.2: {}

  brace-expansion@2.0.1:
    dependencies:
      balanced-match: 1.0.2

  bun-types@1.2.3:
    dependencies:
      '@types/node': 22.13.5
      '@types/ws': 8.5.14

  bun@1.2.3:
    optionalDependencies:
      '@oven/bun-darwin-aarch64': 1.2.3
      '@oven/bun-darwin-x64': 1.2.3
      '@oven/bun-darwin-x64-baseline': 1.2.3
      '@oven/bun-linux-aarch64': 1.2.3
      '@oven/bun-linux-aarch64-musl': 1.2.3
      '@oven/bun-linux-x64': 1.2.3
      '@oven/bun-linux-x64-baseline': 1.2.3
      '@oven/bun-linux-x64-musl': 1.2.3
      '@oven/bun-linux-x64-musl-baseline': 1.2.3
      '@oven/bun-windows-x64': 1.2.3
      '@oven/bun-windows-x64-baseline': 1.2.3

  color-convert@2.0.1:
    dependencies:
      color-name: 1.1.4

  color-name@1.1.4: {}

  commander@11.1.0: {}

  cross-spawn@7.0.6:
    dependencies:
      path-key: 3.1.1
      shebang-command: 2.0.0
      which: 2.0.2

  eastasianwidth@0.2.0: {}

  emoji-regex@8.0.0: {}

  emoji-regex@9.2.2: {}

  escope@4.0.0:
    dependencies:
      esrecurse: 4.3.0
      estraverse: 4.3.0

  eslint-visitor-keys@3.4.3: {}

  espree@9.6.1:
    dependencies:
      acorn: 8.14.1
      acorn-jsx: 5.3.2(acorn@8.14.1)
      eslint-visitor-keys: 3.4.3

  esprima@4.0.1: {}

  esrecurse@4.3.0:
    dependencies:
      estraverse: 5.3.0

  estraverse@4.3.0: {}

  estraverse@5.3.0: {}

  f-matches@1.1.0:
    dependencies:
      lodash: 4.17.21

  foreground-child@3.3.1:
    dependencies:
      cross-spawn: 7.0.6
      signal-exit: 4.1.0

  glob@10.4.5:
    dependencies:
      foreground-child: 3.3.1
      jackspeak: 3.4.3
      minimatch: 9.0.5
      minipass: 7.1.2
      package-json-from-dist: 1.0.1
      path-scurry: 1.11.1

  is-fullwidth-code-point@3.0.0: {}

  isexe@2.0.0: {}

  jackspeak@3.4.3:
    dependencies:
      '@isaacs/cliui': 8.0.2
    optionalDependencies:
      '@pkgjs/parseargs': 0.11.0

  lebab@3.2.7:
    dependencies:
      commander: 11.1.0
      escope: 4.0.0
      espree: 9.6.1
      estraverse: 5.3.0
      f-matches: 1.1.0
      glob: 10.4.5
      lodash: 4.17.21
      recast: 0.23.11

  lodash@4.17.21: {}

  lru-cache@10.4.3: {}

  minimatch@9.0.5:
    dependencies:
      brace-expansion: 2.0.1

  minipass@7.1.2: {}

  package-json-from-dist@1.0.1: {}

  path-key@3.1.1: {}

  path-scurry@1.11.1:
    dependencies:
      lru-cache: 10.4.3
      minipass: 7.1.2

  recast@0.23.11:
    dependencies:
      ast-types: 0.16.1
      esprima: 4.0.1
      source-map: 0.6.1
      tiny-invariant: 1.3.3
      tslib: 2.8.1

  shebang-command@2.0.0:
    dependencies:
      shebang-regex: 3.0.0

  shebang-regex@3.0.0: {}

  signal-exit@4.1.0: {}

  source-map@0.6.1: {}

  string-width@4.2.3:
    dependencies:
      emoji-regex: 8.0.0
      is-fullwidth-code-point: 3.0.0
      strip-ansi: 6.0.1

  string-width@5.1.2:
    dependencies:
      eastasianwidth: 0.2.0
      emoji-regex: 9.2.2
      strip-ansi: 7.1.0

  strip-ansi@6.0.1:
    dependencies:
      ansi-regex: 5.0.1

  strip-ansi@7.1.0:
    dependencies:
      ansi-regex: 6.1.0

  tiny-invariant@1.3.3: {}

  tslib@2.8.1: {}

  typescript@5.7.3: {}

  undici-types@6.20.0: {}

  which@2.0.2:
    dependencies:
      isexe: 2.0.0

  wrap-ansi@7.0.0:
    dependencies:
      ansi-styles: 4.3.0
      string-width: 4.2.3
      strip-ansi: 6.0.1

  wrap-ansi@8.1.0:
    dependencies:
      ansi-styles: 6.2.1
      string-width: 5.1.2
      strip-ansi: 7.1.0
